
Microsoft Visual Studio Solution File, Format Version 12.00
# Visual Studio Version 17
VisualStudioVersion = 17.10.34928.147
MinimumVisualStudioVersion = 10.0.40219.1
Project("{FAE04EC0-301F-11D3-BF4B-00C04F79EFBC}") = "loginScreen", "loginScreen\loginScreen.csproj", "{1204136F-AF0A-4D8F-80A7-F31CC62E2573}"
EndProject
Global
	GlobalSection(SolutionConfigurationPlatforms) = preSolution
		Debug|Any CPU = Debug|Any CPU
		Release|Any CPU = Release|Any CPU
	EndGlobalSection
	GlobalSection(ProjectConfigurationPlatforms) = postSolution
		{1204136F-AF0A-4D8F-80A7-F31CC62E2573}.Debug|Any CPU.ActiveCfg = Debug|Any CPU
		{1204136F-AF0A-4D8F-80A7-F31CC62E2573}.Debug|Any CPU.Build.0 = Debug|Any CPU
		{1204136F-AF0A-4D8F-80A7-F31CC62E2573}.Release|Any CPU.ActiveCfg = Release|Any CPU
		{1204136F-AF0A-4D8F-80A7-F31CC62E2573}.Release|Any CPU.Build.0 = Release|Any CPU
	EndGlobalSection
	GlobalSection(SolutionProperties) = preSolution
		HideSolutionNode = FALSE
	EndGlobalSection
	GlobalSection(ExtensibilityGlobals) = postSolution
		SolutionGuid = {FB911EB3-DCAF-4D26-B998-EE1974ED9818}
	EndGlobalSection
EndGlobal
